
Microsoft Visual Studio Solution File, Format Version 12.00
# Visual Studio 15
VisualStudioVersion = 15.0.26228.9
MinimumVisualStudioVersion = 10.0.40219.1
Project("{FAE04EC0-301F-11D3-BF4B-00C04F79EFBC}") = "imapclient", "imapclient\imapclient.csproj", "{99043948-67B0-4136-B81F-B5F52D4259A3}"
EndProject
Project("{FAE04EC0-301F-11D3-BF4B-00C04F79EFBC}") = "imapinternals", "..\imapinternals\imapinternals\imapinternals.csproj", "{7CEEB088-22EA-4FA6-9983-5EAD662D52BB}"
EndProject
Project("{FAE04EC0-301F-11D3-BF4B-00C04F79EFBC}") = "imaptools", "..\imaptools\imaptools\imaptools.csproj", "{BD62E7D7-6153-4EC3-9F4D-5105C5D707E5}"
EndProject
Project("{FAE04EC0-301F-11D3-BF4B-00C04F79EFBC}") = "imapinternalstests", "..\imapinternals\imapinternalstests\imapinternalstests.csproj", "{FA507F8C-6B2B-44CE-808D-A50E3313D9A3}"
EndProject
Project("{FAE04EC0-301F-11D3-BF4B-00C04F79EFBC}") = "imaplib", "..\imaplib\imaplib\imaplib.csproj", "{67778F45-FF9E-4F5F-9BB2-38ABD9C7A740}"
EndProject
Project("{FAE04EC0-301F-11D3-BF4B-00C04F79EFBC}") = "imapclienttests", "imapclienttests\imapclienttests.csproj", "{3F548805-281C-44BD-917F-D9F277A85E67}"
EndProject
Global
	GlobalSection(SolutionConfigurationPlatforms) = preSolution
		Debug|Any CPU = Debug|Any CPU
		Release|Any CPU = Release|Any CPU
	EndGlobalSection
	GlobalSection(ProjectConfigurationPlatforms) = postSolution
		{99043948-67B0-4136-B81F-B5F52D4259A3}.Debug|Any CPU.ActiveCfg = Debug|Any CPU
		{99043948-67B0-4136-B81F-B5F52D4259A3}.Debug|Any CPU.Build.0 = Debug|Any CPU
		{99043948-67B0-4136-B81F-B5F52D4259A3}.Release|Any CPU.ActiveCfg = Release|Any CPU
		{99043948-67B0-4136-B81F-B5F52D4259A3}.Release|Any CPU.Build.0 = Release|Any CPU
		{7CEEB088-22EA-4FA6-9983-5EAD662D52BB}.Debug|Any CPU.ActiveCfg = Debug|Any CPU
		{7CEEB088-22EA-4FA6-9983-5EAD662D52BB}.Debug|Any CPU.Build.0 = Debug|Any CPU
		{7CEEB088-22EA-4FA6-9983-5EAD662D52BB}.Release|Any CPU.ActiveCfg = Release|Any CPU
		{7CEEB088-22EA-4FA6-9983-5EAD662D52BB}.Release|Any CPU.Build.0 = Release|Any CPU
		{BD62E7D7-6153-4EC3-9F4D-5105C5D707E5}.Debug|Any CPU.ActiveCfg = Debug|Any CPU
		{BD62E7D7-6153-4EC3-9F4D-5105C5D707E5}.Debug|Any CPU.Build.0 = Debug|Any CPU
		{BD62E7D7-6153-4EC3-9F4D-5105C5D707E5}.Release|Any CPU.ActiveCfg = Release|Any CPU
		{BD62E7D7-6153-4EC3-9F4D-5105C5D707E5}.Release|Any CPU.Build.0 = Release|Any CPU
		{FA507F8C-6B2B-44CE-808D-A50E3313D9A3}.Debug|Any CPU.ActiveCfg = Debug|Any CPU
		{FA507F8C-6B2B-44CE-808D-A50E3313D9A3}.Debug|Any CPU.Build.0 = Debug|Any CPU
		{FA507F8C-6B2B-44CE-808D-A50E3313D9A3}.Release|Any CPU.ActiveCfg = Release|Any CPU
		{FA507F8C-6B2B-44CE-808D-A50E3313D9A3}.Release|Any CPU.Build.0 = Release|Any CPU
		{67778F45-FF9E-4F5F-9BB2-38ABD9C7A740}.Debug|Any CPU.ActiveCfg = Debug|Any CPU
		{67778F45-FF9E-4F5F-9BB2-38ABD9C7A740}.Debug|Any CPU.Build.0 = Debug|Any CPU
		{67778F45-FF9E-4F5F-9BB2-38ABD9C7A740}.Release|Any CPU.ActiveCfg = Release|Any CPU
		{67778F45-FF9E-4F5F-9BB2-38ABD9C7A740}.Release|Any CPU.Build.0 = Release|Any CPU
		{3F548805-281C-44BD-917F-D9F277A85E67}.Debug|Any CPU.ActiveCfg = Debug|Any CPU
		{3F548805-281C-44BD-917F-D9F277A85E67}.Debug|Any CPU.Build.0 = Debug|Any CPU
		{3F548805-281C-44BD-917F-D9F277A85E67}.Release|Any CPU.ActiveCfg = Release|Any CPU
		{3F548805-281C-44BD-917F-D9F277A85E67}.Release|Any CPU.Build.0 = Release|Any CPU
	EndGlobalSection
	GlobalSection(SolutionProperties) = preSolution
		HideSolutionNode = FALSE
	EndGlobalSection
EndGlobal
