
Microsoft Visual Studio Solution File, Format Version 12.00
# Visual Studio 15
VisualStudioVersion = 15.0.26228.9
MinimumVisualStudioVersion = 10.0.40219.1
Project("{FAE04EC0-301F-11D3-BF4B-00C04F79EFBC}") = "imapclient", "imapclient\imapclient.csproj", "{99043948-67B0-4136-B81F-B5F52D4259A3}"
EndProject
Project("{FAE04EC0-301F-11D3-BF4B-00C04F79EFBC}") = "imapclient_tests", "imapclient_tests\imapclient_tests.csproj", "{3B6067CE-2CC2-4268-8140-6ABC791B9998}"
EndProject
Project("{FAE04EC0-301F-11D3-BF4B-00C04F79EFBC}") = "imaplibri", "..\imaplibri\imaplibri\imaplibri.csproj", "{389012C2-42F7-4BC0-89C7-50772BABB195}"
EndProject
Project("{FAE04EC0-301F-11D3-BF4B-00C04F79EFBC}") = "imapliblp", "..\imapliblp\imapliblp\imapliblp.csproj", "{47FAB2DB-6E1E-4729-BDA0-58B7EB359216}"
EndProject
Project("{FAE04EC0-301F-11D3-BF4B-00C04F79EFBC}") = "imaplibfi", "..\imaplibfi\imaplibfi\imaplibfi.csproj", "{498C6E3D-EAA7-4837-90AB-858D7DC212A1}"
EndProject
Project("{FAE04EC0-301F-11D3-BF4B-00C04F79EFBC}") = "imaplibfi_tests", "..\imaplibfi\imaplibfi_tests\imaplibfi_tests.csproj", "{5A6AA1D2-CEF3-4CD9-B763-73B214E13970}"
EndProject
Project("{FAE04EC0-301F-11D3-BF4B-00C04F79EFBC}") = "imapappend", "..\imapappend\imapappend\imapappend.csproj", "{21335520-3CAD-42DE-84F7-92FAF0369D45}"
EndProject
Project("{FAE04EC0-301F-11D3-BF4B-00C04F79EFBC}") = "imapliblp_tests", "..\imapliblp\imapliblp_tests\imapliblp_tests.csproj", "{9D9EB964-228A-43A6-9095-490E4D16247D}"
EndProject
Project("{FAE04EC0-301F-11D3-BF4B-00C04F79EFBC}") = "imaplibcp", "..\imaplibcp\imaplibcp\imaplibcp.csproj", "{DF4F5997-2910-42BF-AF24-B19237F5A4D0}"
EndProject
Project("{FAE04EC0-301F-11D3-BF4B-00C04F79EFBC}") = "imaplibcp_tests", "..\imaplibcp\imaplibcp_tests\imaplibcp_tests.csproj", "{7F476F62-D6A2-43ED-BB5A-30B6C0E98F32}"
EndProject
Global
	GlobalSection(SolutionConfigurationPlatforms) = preSolution
		Debug|Any CPU = Debug|Any CPU
		Release|Any CPU = Release|Any CPU
	EndGlobalSection
	GlobalSection(ProjectConfigurationPlatforms) = postSolution
		{99043948-67B0-4136-B81F-B5F52D4259A3}.Debug|Any CPU.ActiveCfg = Debug|Any CPU
		{99043948-67B0-4136-B81F-B5F52D4259A3}.Debug|Any CPU.Build.0 = Debug|Any CPU
		{99043948-67B0-4136-B81F-B5F52D4259A3}.Release|Any CPU.ActiveCfg = Release|Any CPU
		{99043948-67B0-4136-B81F-B5F52D4259A3}.Release|Any CPU.Build.0 = Release|Any CPU
		{3B6067CE-2CC2-4268-8140-6ABC791B9998}.Debug|Any CPU.ActiveCfg = Debug|Any CPU
		{3B6067CE-2CC2-4268-8140-6ABC791B9998}.Debug|Any CPU.Build.0 = Debug|Any CPU
		{3B6067CE-2CC2-4268-8140-6ABC791B9998}.Release|Any CPU.ActiveCfg = Release|Any CPU
		{3B6067CE-2CC2-4268-8140-6ABC791B9998}.Release|Any CPU.Build.0 = Release|Any CPU
		{389012C2-42F7-4BC0-89C7-50772BABB195}.Debug|Any CPU.ActiveCfg = Debug|Any CPU
		{389012C2-42F7-4BC0-89C7-50772BABB195}.Debug|Any CPU.Build.0 = Debug|Any CPU
		{389012C2-42F7-4BC0-89C7-50772BABB195}.Release|Any CPU.ActiveCfg = Release|Any CPU
		{389012C2-42F7-4BC0-89C7-50772BABB195}.Release|Any CPU.Build.0 = Release|Any CPU
		{47FAB2DB-6E1E-4729-BDA0-58B7EB359216}.Debug|Any CPU.ActiveCfg = Debug|Any CPU
		{47FAB2DB-6E1E-4729-BDA0-58B7EB359216}.Debug|Any CPU.Build.0 = Debug|Any CPU
		{47FAB2DB-6E1E-4729-BDA0-58B7EB359216}.Release|Any CPU.ActiveCfg = Release|Any CPU
		{47FAB2DB-6E1E-4729-BDA0-58B7EB359216}.Release|Any CPU.Build.0 = Release|Any CPU
		{498C6E3D-EAA7-4837-90AB-858D7DC212A1}.Debug|Any CPU.ActiveCfg = Debug|Any CPU
		{498C6E3D-EAA7-4837-90AB-858D7DC212A1}.Debug|Any CPU.Build.0 = Debug|Any CPU
		{498C6E3D-EAA7-4837-90AB-858D7DC212A1}.Release|Any CPU.ActiveCfg = Release|Any CPU
		{498C6E3D-EAA7-4837-90AB-858D7DC212A1}.Release|Any CPU.Build.0 = Release|Any CPU
		{5A6AA1D2-CEF3-4CD9-B763-73B214E13970}.Debug|Any CPU.ActiveCfg = Debug|Any CPU
		{5A6AA1D2-CEF3-4CD9-B763-73B214E13970}.Debug|Any CPU.Build.0 = Debug|Any CPU
		{5A6AA1D2-CEF3-4CD9-B763-73B214E13970}.Release|Any CPU.ActiveCfg = Release|Any CPU
		{5A6AA1D2-CEF3-4CD9-B763-73B214E13970}.Release|Any CPU.Build.0 = Release|Any CPU
		{21335520-3CAD-42DE-84F7-92FAF0369D45}.Debug|Any CPU.ActiveCfg = Debug|Any CPU
		{21335520-3CAD-42DE-84F7-92FAF0369D45}.Debug|Any CPU.Build.0 = Debug|Any CPU
		{21335520-3CAD-42DE-84F7-92FAF0369D45}.Release|Any CPU.ActiveCfg = Release|Any CPU
		{21335520-3CAD-42DE-84F7-92FAF0369D45}.Release|Any CPU.Build.0 = Release|Any CPU
		{9D9EB964-228A-43A6-9095-490E4D16247D}.Debug|Any CPU.ActiveCfg = Debug|Any CPU
		{9D9EB964-228A-43A6-9095-490E4D16247D}.Debug|Any CPU.Build.0 = Debug|Any CPU
		{9D9EB964-228A-43A6-9095-490E4D16247D}.Release|Any CPU.ActiveCfg = Release|Any CPU
		{9D9EB964-228A-43A6-9095-490E4D16247D}.Release|Any CPU.Build.0 = Release|Any CPU
		{DF4F5997-2910-42BF-AF24-B19237F5A4D0}.Debug|Any CPU.ActiveCfg = Debug|Any CPU
		{DF4F5997-2910-42BF-AF24-B19237F5A4D0}.Debug|Any CPU.Build.0 = Debug|Any CPU
		{DF4F5997-2910-42BF-AF24-B19237F5A4D0}.Release|Any CPU.ActiveCfg = Release|Any CPU
		{DF4F5997-2910-42BF-AF24-B19237F5A4D0}.Release|Any CPU.Build.0 = Release|Any CPU
		{7F476F62-D6A2-43ED-BB5A-30B6C0E98F32}.Debug|Any CPU.ActiveCfg = Debug|Any CPU
		{7F476F62-D6A2-43ED-BB5A-30B6C0E98F32}.Debug|Any CPU.Build.0 = Debug|Any CPU
		{7F476F62-D6A2-43ED-BB5A-30B6C0E98F32}.Release|Any CPU.ActiveCfg = Release|Any CPU
		{7F476F62-D6A2-43ED-BB5A-30B6C0E98F32}.Release|Any CPU.Build.0 = Release|Any CPU
	EndGlobalSection
	GlobalSection(SolutionProperties) = preSolution
		HideSolutionNode = FALSE
	EndGlobalSection
EndGlobal
